{
  "version": 4,
  "terraform_version": "1.6.4",
  "serial": 12,
  "lineage": "3d27668f-e6d9-4f51-ffaf-bda07bfeab9f",
  "outputs": {},
  "resources": [
    {
      "module": "module.databricks",
      "mode": "managed",
      "type": "databricks_mws_workspaces",
      "name": "ws1",
      "provider": "module.databricks.provider[\"registry.terraform.io/databricks/databricks\"].accounts",
      "instances": [
        {
          "schema_version": 3,
          "attributes": {
            "account_id": "96c1ef0e-421e-4ac0-adb8-7f385a07cb60",
            "aws_region": null,
            "cloud": "gcp",
            "cloud_resource_container": [
              {
                "gcp": [
                  {
                    "project_id": "sendme-test-db"
                  }
                ]
              }
            ],
            "creation_time": 1701175733150,
            "credentials_id": null,
            "customer_managed_key_id": null,
            "deployment_name": "4761644828948175.5",
            "external_customer_info": [],
            "gcp_managed_network_config": [
              {
                "gke_cluster_pod_ip_range": "10.1.0.0/16",
                "gke_cluster_service_ip_range": "10.2.0.0/20",
                "subnet_cidr": "10.0.0.0/16"
              }
            ],
            "gke_config": [
              {
                "connectivity_type": "PRIVATE_NODE_PUBLIC_MASTER",
                "master_ip_range": "10.3.0.0/28"
              }
            ],
            "id": "96c1ef0e-421e-4ac0-adb8-7f385a07cb60/4761644828948175",
            "is_no_public_ip_enabled": true,
            "location": "us-east4",
            "managed_services_customer_managed_key_id": null,
            "network_id": null,
            "pricing_tier": "PREMIUM",
            "private_access_settings_id": null,
            "storage_configuration_id": null,
            "storage_customer_managed_key_id": null,
            "timeouts": null,
            "token": [
              {
                "comment": "Terraform PAT",
                "lifetime_seconds": 2592000,
                "token_id": "5ee77f06b08622cd43ff17a8c8f1d5b11732a15c10aaf19a383596c684a818d5",
                "token_value": "dapicac96b93f734528c60b1c1288bcf81c5"
              }
            ],
            "workspace_id": 4761644828948175,
            "workspace_name": "dbacademytest1",
            "workspace_status": "RUNNING",
            "workspace_status_message": "Workspace is running.",
            "workspace_url": "https://4761644828948175.5.gcp.databricks.com"
          },
          "sensitive_attributes": [],
          "private": "eyJlMmJmYjczMC1lY2FhLTExZTYtOGY4OC0zNDM2M2JjN2M0YzAiOnsiY3JlYXRlIjoxMjAwMDAwMDAwMDAwLCJyZWFkIjoxMjAwMDAwMDAwMDAwLCJ1cGRhdGUiOjEyMDAwMDAwMDAwMDB9LCJzY2hlbWFfdmVyc2lvbiI6IjMifQ==",
          "dependencies": [
            "module.gcp.google_service_account.sa2"
          ]
        }
      ]
    },
    {
      "module": "module.gcp",
      "mode": "data",
      "type": "google_iam_policy",
      "name": "this",
      "provider": "module.gcp.provider[\"registry.terraform.io/hashicorp/google\"]",
      "instances": [
        {
          "schema_version": 0,
          "attributes": {
            "audit_config": null,
            "binding": [
              {
                "condition": [],
                "members": [
                  "user:nwosupaul141@gmail.com"
                ],
                "role": "roles/iam.serviceAccountTokenCreator"
              }
            ],
            "id": "1876379752",
            "policy_data": "{\"bindings\":[{\"members\":[\"user:nwosupaul141@gmail.com\"],\"role\":\"roles/iam.serviceAccountTokenCreator\"}]}"
          },
          "sensitive_attributes": []
        }
      ]
    },
    {
      "module": "module.gcp",
      "mode": "managed",
      "type": "google_project_iam_custom_role",
      "name": "databricks_role_default_vpc",
      "provider": "module.gcp.provider[\"registry.terraform.io/hashicorp/google\"]",
      "instances": [
        {
          "schema_version": 0,
          "attributes": {
            "deleted": false,
            "description": "",
            "id": "projects/sendme-test-db/roles/dbacademytest1_databricks_role_default_vpc",
            "name": "projects/sendme-test-db/roles/dbacademytest1_databricks_role_default_vpc",
            "permissions": [
              "compute.networks.get",
              "compute.projects.get",
              "compute.subnetworks.get",
              "iam.roles.create",
              "iam.roles.delete",
              "iam.roles.get",
              "iam.roles.update",
              "iam.serviceAccounts.get",
              "iam.serviceAccounts.getIamPolicy",
              "iam.serviceAccounts.setIamPolicy",
              "resourcemanager.projects.get",
              "resourcemanager.projects.getIamPolicy",
              "resourcemanager.projects.setIamPolicy",
              "serviceusage.services.enable",
              "serviceusage.services.get",
              "serviceusage.services.list"
            ],
            "project": "sendme-test-db",
            "role_id": "dbacademytest1_databricks_role_default_vpc",
            "stage": "GA",
            "title": "Databricks role for default VPC"
          },
          "sensitive_attributes": [],
          "private": "bnVsbA=="
        }
      ]
    },
    {
      "module": "module.gcp",
      "mode": "managed",
      "type": "google_project_iam_member",
      "name": "sa2_can_admin_buckets",
      "provider": "module.gcp.provider[\"registry.terraform.io/hashicorp/google\"]",
      "instances": [
        {
          "schema_version": 0,
          "attributes": {
            "condition": [],
            "etag": "BwYLMrZtQno=",
            "id": "sendme-test-db/roles/storage.admin/serviceAccount:dbacademytest1-sa2@sendme-test-db.iam.gserviceaccount.com",
            "member": "serviceAccount:dbacademytest1-sa2@sendme-test-db.iam.gserviceaccount.com",
            "project": "sendme-test-db",
            "role": "roles/storage.admin"
          },
          "sensitive_attributes": [],
          "private": "bnVsbA==",
          "dependencies": [
            "module.gcp.google_service_account.sa2"
          ]
        }
      ]
    },
    {
      "module": "module.gcp",
      "mode": "managed",
      "type": "google_project_iam_member",
      "name": "sa2_can_create_tokens",
      "provider": "module.gcp.provider[\"registry.terraform.io/hashicorp/google\"]",
      "instances": [
        {
          "schema_version": 0,
          "attributes": {
            "condition": [],
            "etag": "BwYLMrZtQno=",
            "id": "sendme-test-db/roles/iam.serviceAccountTokenCreator/serviceAccount:dbacademytest1-sa2@sendme-test-db.iam.gserviceaccount.com",
            "member": "serviceAccount:dbacademytest1-sa2@sendme-test-db.iam.gserviceaccount.com",
            "project": "sendme-test-db",
            "role": "roles/iam.serviceAccountTokenCreator"
          },
          "sensitive_attributes": [],
          "private": "bnVsbA==",
          "dependencies": [
            "module.gcp.google_service_account.sa2"
          ]
        }
      ]
    },
    {
      "module": "module.gcp",
      "mode": "managed",
      "type": "google_project_iam_member",
      "name": "sa2_can_create_workspaces",
      "provider": "module.gcp.provider[\"registry.terraform.io/hashicorp/google\"]",
      "instances": [
        {
          "schema_version": 0,
          "attributes": {
            "condition": [],
            "etag": "BwYLMrZtQno=",
            "id": "sendme-test-db/projects/sendme-test-db/roles/dbacademytest1_databricks_role_default_vpc/serviceAccount:dbacademytest1-sa2@sendme-test-db.iam.gserviceaccount.com",
            "member": "serviceAccount:dbacademytest1-sa2@sendme-test-db.iam.gserviceaccount.com",
            "project": "sendme-test-db",
            "role": "projects/sendme-test-db/roles/dbacademytest1_databricks_role_default_vpc"
          },
          "sensitive_attributes": [],
          "private": "bnVsbA==",
          "dependencies": [
            "module.gcp.google_project_iam_custom_role.databricks_role_default_vpc",
            "module.gcp.google_service_account.sa2"
          ]
        }
      ]
    },
    {
      "module": "module.gcp",
      "mode": "managed",
      "type": "google_service_account",
      "name": "sa2",
      "provider": "module.gcp.provider[\"registry.terraform.io/hashicorp/google\"]",
      "instances": [
        {
          "schema_version": 0,
          "attributes": {
            "account_id": "dbacademytest1-sa2",
            "description": "",
            "disabled": false,
            "display_name": "Service Account for Databricks Provisioning",
            "email": "dbacademytest1-sa2@sendme-test-db.iam.gserviceaccount.com",
            "id": "projects/sendme-test-db/serviceAccounts/dbacademytest1-sa2@sendme-test-db.iam.gserviceaccount.com",
            "member": "serviceAccount:dbacademytest1-sa2@sendme-test-db.iam.gserviceaccount.com",
            "name": "projects/sendme-test-db/serviceAccounts/dbacademytest1-sa2@sendme-test-db.iam.gserviceaccount.com",
            "project": "sendme-test-db",
            "timeouts": null,
            "unique_id": "117749647665201298288"
          },
          "sensitive_attributes": [],
          "private": "eyJlMmJmYjczMC1lY2FhLTExZTYtOGY4OC0zNDM2M2JjN2M0YzAiOnsiY3JlYXRlIjozMDAwMDAwMDAwMDB9fQ=="
        }
      ]
    },
    {
      "module": "module.gcp",
      "mode": "managed",
      "type": "google_service_account_iam_policy",
      "name": "impersonatable",
      "provider": "module.gcp.provider[\"registry.terraform.io/hashicorp/google\"]",
      "instances": [
        {
          "schema_version": 0,
          "attributes": {
            "etag": "BwYLKHbK2PM=",
            "id": "projects/sendme-test-db/serviceAccounts/dbacademytest1-sa2@sendme-test-db.iam.gserviceaccount.com",
            "policy_data": "{\"bindings\":[{\"members\":[\"user:nwosupaul141@gmail.com\"],\"role\":\"roles/iam.serviceAccountTokenCreator\"}]}",
            "service_account_id": "projects/sendme-test-db/serviceAccounts/dbacademytest1-sa2@sendme-test-db.iam.gserviceaccount.com"
          },
          "sensitive_attributes": [],
          "private": "bnVsbA==",
          "dependencies": [
            "module.gcp.data.google_iam_policy.this",
            "module.gcp.google_service_account.sa2"
          ]
        }
      ]
    }
  ],
  "check_results": null
}
